
Microsoft Visual Studio Solution File, Format Version 12.00
# Visual Studio 15
VisualStudioVersion = 15.0.27130.2027
MinimumVisualStudioVersion = 10.0.40219.1
Project("{FAE04EC0-301F-11D3-BF4B-00C04F79EFBC}") = "RPGWeb", "RPGWeb\RPGWeb.csproj", "{3855E237-E444-47AA-8716-0B406455650D}"
EndProject
Project("{FAE04EC0-301F-11D3-BF4B-00C04F79EFBC}") = "RPGWeb.Tests", "RPGWeb.Tests\RPGWeb.Tests.csproj", "{CFEF50FA-B3BC-4B4D-ADA8-C790F82F2B2A}"
EndProject
Global
	GlobalSection(SolutionConfigurationPlatforms) = preSolution
		Debug|Any CPU = Debug|Any CPU
		Release|Any CPU = Release|Any CPU
	EndGlobalSection
	GlobalSection(ProjectConfigurationPlatforms) = postSolution
		{3855E237-E444-47AA-8716-0B406455650D}.Debug|Any CPU.ActiveCfg = Debug|Any CPU
		{3855E237-E444-47AA-8716-0B406455650D}.Debug|Any CPU.Build.0 = Debug|Any CPU
		{3855E237-E444-47AA-8716-0B406455650D}.Release|Any CPU.ActiveCfg = Release|Any CPU
		{3855E237-E444-47AA-8716-0B406455650D}.Release|Any CPU.Build.0 = Release|Any CPU
		{CFEF50FA-B3BC-4B4D-ADA8-C790F82F2B2A}.Debug|Any CPU.ActiveCfg = Debug|Any CPU
		{CFEF50FA-B3BC-4B4D-ADA8-C790F82F2B2A}.Debug|Any CPU.Build.0 = Debug|Any CPU
		{CFEF50FA-B3BC-4B4D-ADA8-C790F82F2B2A}.Release|Any CPU.ActiveCfg = Release|Any CPU
		{CFEF50FA-B3BC-4B4D-ADA8-C790F82F2B2A}.Release|Any CPU.Build.0 = Release|Any CPU
	EndGlobalSection
	GlobalSection(SolutionProperties) = preSolution
		HideSolutionNode = FALSE
	EndGlobalSection
	GlobalSection(ExtensibilityGlobals) = postSolution
		SolutionGuid = {4EE69283-D1AD-4DCE-BBC9-C81ECF21FCDD}
	EndGlobalSection
EndGlobal
